
Microsoft Visual Studio Solution File, Format Version 12.00
# Visual Studio Version 16
VisualStudioVersion = 16.0.31410.357
MinimumVisualStudioVersion = 10.0.40219.1
Project("{FAE04EC0-301F-11D3-BF4B-00C04F79EFBC}") = "RoleAssignmentWithWinForm", "RoleAssignmentWithWinForm\RoleAssignmentWithWinForm.csproj", "{57271B20-8656-4F7E-858D-C0A814B70AC5}"
EndProject
Global
	GlobalSection(SolutionConfigurationPlatforms) = preSolution
		Debug|Any CPU = Debug|Any CPU
		Release|Any CPU = Release|Any CPU
	EndGlobalSection
	GlobalSection(ProjectConfigurationPlatforms) = postSolution
		{57271B20-8656-4F7E-858D-C0A814B70AC5}.Debug|Any CPU.ActiveCfg = Debug|Any CPU
		{57271B20-8656-4F7E-858D-C0A814B70AC5}.Debug|Any CPU.Build.0 = Debug|Any CPU
		{57271B20-8656-4F7E-858D-C0A814B70AC5}.Release|Any CPU.ActiveCfg = Release|Any CPU
		{57271B20-8656-4F7E-858D-C0A814B70AC5}.Release|Any CPU.Build.0 = Release|Any CPU
	EndGlobalSection
	GlobalSection(SolutionProperties) = preSolution
		HideSolutionNode = FALSE
	EndGlobalSection
	GlobalSection(ExtensibilityGlobals) = postSolution
		SolutionGuid = {3D9F568B-F2F9-40C1-8C8C-ED9C1AAECCCC}
	EndGlobalSection
EndGlobal
